
Microsoft Visual Studio Solution File, Format Version 12.00
# Visual Studio 15
Project("{FAE04EC0-301F-11D3-BF4B-00C04F79EFBC}") = "High-Score-CSharp", "High-Score-CSharp\High-Score-CSharp.csproj", "{729792F3-3729-47B2-A5AE-735268DC5450}"
EndProject
Global
	GlobalSection(SolutionConfigurationPlatforms) = preSolution
		Debug|anycpu = Debug|anycpu
		Release|anycpu = Release|anycpu
	EndGlobalSection
	GlobalSection(ProjectConfigurationPlatforms) = postSolution
		{729792F3-3729-47B2-A5AE-735268DC5450}.Debug|anycpu.ActiveCfg = Debug|anycpu
		{729792F3-3729-47B2-A5AE-735268DC5450}.Debug|anycpu.Build.0 = Debug|anycpu
		{729792F3-3729-47B2-A5AE-735268DC5450}.Release|anycpu.ActiveCfg = Release|anycpu
		{729792F3-3729-47B2-A5AE-735268DC5450}.Release|anycpu.Build.0 = Release|anycpu
	EndGlobalSection
EndGlobal
